
Microsoft Visual Studio Solution File, Format Version 12.00
# Visual Studio 15
Project("{FAE04EC0-301F-11D3-BF4B-00C04F79EFBC}") = "DriveMeShop", "DriveMeShop\DriveMeShop.csproj", "{91DCC877-6FED-4614-B168-7D3D338D4BF1}"
EndProject
Global
	GlobalSection(SolutionConfigurationPlatforms) = preSolution
		Debug|Any CPU = Debug|Any CPU
		Release|Any CPU = Release|Any CPU
	EndGlobalSection
	GlobalSection(ProjectConfigurationPlatforms) = postSolution
		{91DCC877-6FED-4614-B168-7D3D338D4BF1}.Debug|Any CPU.ActiveCfg = Debug|Any CPU
		{91DCC877-6FED-4614-B168-7D3D338D4BF1}.Debug|Any CPU.Build.0 = Debug|Any CPU
		{91DCC877-6FED-4614-B168-7D3D338D4BF1}.Release|Any CPU.ActiveCfg = Release|Any CPU
		{91DCC877-6FED-4614-B168-7D3D338D4BF1}.Release|Any CPU.Build.0 = Release|Any CPU
	EndGlobalSection
EndGlobal
